
Microsoft Visual Studio Solution File, Format Version 12.00
# Visual Studio Version 16
VisualStudioVersion = 16.0.31402.337
MinimumVisualStudioVersion = 10.0.40219.1
Project("{FAE04EC0-301F-11D3-BF4B-00C04F79EFBC}") = "Challenge1_Cafe_Console", "Challenge1_Cafe\Challenge1_Cafe_Console.csproj", "{674CA971-8A0F-459E-B46E-B4C9D29CB2D8}"
EndProject
Project("{FAE04EC0-301F-11D3-BF4B-00C04F79EFBC}") = "Challenge1_Cafe_REPO", "Challenge1_Cafe_Repo\Challenge1_Cafe_REPO.csproj", "{C85F4D8A-990A-4C9E-9FE5-55C9EB552E5E}"
EndProject
Project("{FAE04EC0-301F-11D3-BF4B-00C04F79EFBC}") = "Challenge1_Cafe_POCO", "Challenge1_Cafe_POCOs\Challenge1_Cafe_POCO.csproj", "{F126C15F-F386-4E14-84CA-6F4A3942B76F}"
EndProject
Project("{FAE04EC0-301F-11D3-BF4B-00C04F79EFBC}") = "Challenge1_Repo_Unit_Test", "Challenge1_Repo_Unit_Test\Challenge1_Repo_Unit_Test.csproj", "{FC193907-29F8-4B7F-A894-33E1575AAA34}"
EndProject
Project("{FAE04EC0-301F-11D3-BF4B-00C04F79EFBC}") = "Challenge2_Claims_Console", "Challenge2_Claims_Console\Challenge2_Claims_Console.csproj", "{7AE4DD3F-2E6A-4229-934B-AEB33EF1B235}"
EndProject
Project("{FAE04EC0-301F-11D3-BF4B-00C04F79EFBC}") = "Challenge2_ClaimsPOCO", "Challenge2_ClaimsPOCO\Challenge2_ClaimsPOCO.csproj", "{57F5C15B-CB4B-44D0-B164-BEB8F78101A8}"
EndProject
Project("{FAE04EC0-301F-11D3-BF4B-00C04F79EFBC}") = "Challenge2_Claims_REPO", "Challenge2_Claims_REPO\Challenge2_Claims_REPO.csproj", "{435019B3-9024-46E8-BAC4-69EF65ADEA45}"
EndProject
Global
	GlobalSection(SolutionConfigurationPlatforms) = preSolution
		Debug|Any CPU = Debug|Any CPU
		Release|Any CPU = Release|Any CPU
	EndGlobalSection
	GlobalSection(ProjectConfigurationPlatforms) = postSolution
		{674CA971-8A0F-459E-B46E-B4C9D29CB2D8}.Debug|Any CPU.ActiveCfg = Debug|Any CPU
		{674CA971-8A0F-459E-B46E-B4C9D29CB2D8}.Debug|Any CPU.Build.0 = Debug|Any CPU
		{674CA971-8A0F-459E-B46E-B4C9D29CB2D8}.Release|Any CPU.ActiveCfg = Release|Any CPU
		{674CA971-8A0F-459E-B46E-B4C9D29CB2D8}.Release|Any CPU.Build.0 = Release|Any CPU
		{C85F4D8A-990A-4C9E-9FE5-55C9EB552E5E}.Debug|Any CPU.ActiveCfg = Debug|Any CPU
		{C85F4D8A-990A-4C9E-9FE5-55C9EB552E5E}.Debug|Any CPU.Build.0 = Debug|Any CPU
		{C85F4D8A-990A-4C9E-9FE5-55C9EB552E5E}.Release|Any CPU.ActiveCfg = Release|Any CPU
		{C85F4D8A-990A-4C9E-9FE5-55C9EB552E5E}.Release|Any CPU.Build.0 = Release|Any CPU
		{F126C15F-F386-4E14-84CA-6F4A3942B76F}.Debug|Any CPU.ActiveCfg = Debug|Any CPU
		{F126C15F-F386-4E14-84CA-6F4A3942B76F}.Debug|Any CPU.Build.0 = Debug|Any CPU
		{F126C15F-F386-4E14-84CA-6F4A3942B76F}.Release|Any CPU.ActiveCfg = Release|Any CPU
		{F126C15F-F386-4E14-84CA-6F4A3942B76F}.Release|Any CPU.Build.0 = Release|Any CPU
		{FC193907-29F8-4B7F-A894-33E1575AAA34}.Debug|Any CPU.ActiveCfg = Debug|Any CPU
		{FC193907-29F8-4B7F-A894-33E1575AAA34}.Debug|Any CPU.Build.0 = Debug|Any CPU
		{FC193907-29F8-4B7F-A894-33E1575AAA34}.Release|Any CPU.ActiveCfg = Release|Any CPU
		{FC193907-29F8-4B7F-A894-33E1575AAA34}.Release|Any CPU.Build.0 = Release|Any CPU
		{7AE4DD3F-2E6A-4229-934B-AEB33EF1B235}.Debug|Any CPU.ActiveCfg = Debug|Any CPU
		{7AE4DD3F-2E6A-4229-934B-AEB33EF1B235}.Debug|Any CPU.Build.0 = Debug|Any CPU
		{7AE4DD3F-2E6A-4229-934B-AEB33EF1B235}.Release|Any CPU.ActiveCfg = Release|Any CPU
		{7AE4DD3F-2E6A-4229-934B-AEB33EF1B235}.Release|Any CPU.Build.0 = Release|Any CPU
		{57F5C15B-CB4B-44D0-B164-BEB8F78101A8}.Debug|Any CPU.ActiveCfg = Debug|Any CPU
		{57F5C15B-CB4B-44D0-B164-BEB8F78101A8}.Debug|Any CPU.Build.0 = Debug|Any CPU
		{57F5C15B-CB4B-44D0-B164-BEB8F78101A8}.Release|Any CPU.ActiveCfg = Release|Any CPU
		{57F5C15B-CB4B-44D0-B164-BEB8F78101A8}.Release|Any CPU.Build.0 = Release|Any CPU
		{435019B3-9024-46E8-BAC4-69EF65ADEA45}.Debug|Any CPU.ActiveCfg = Debug|Any CPU
		{435019B3-9024-46E8-BAC4-69EF65ADEA45}.Debug|Any CPU.Build.0 = Debug|Any CPU
		{435019B3-9024-46E8-BAC4-69EF65ADEA45}.Release|Any CPU.ActiveCfg = Release|Any CPU
		{435019B3-9024-46E8-BAC4-69EF65ADEA45}.Release|Any CPU.Build.0 = Release|Any CPU
	EndGlobalSection
	GlobalSection(SolutionProperties) = preSolution
		HideSolutionNode = FALSE
	EndGlobalSection
	GlobalSection(ExtensibilityGlobals) = postSolution
		SolutionGuid = {A2826DEC-1DE1-4765-AFEA-A9B8181A25E5}
	EndGlobalSection
EndGlobal
