
Microsoft Visual Studio Solution File, Format Version 12.00
# Visual Studio Version 16
VisualStudioVersion = 16.0.31402.337
MinimumVisualStudioVersion = 10.0.40219.1
Project("{FAE04EC0-301F-11D3-BF4B-00C04F79EFBC}") = "Challenge1_Cafe_Console", "Challenge1_Cafe\Challenge1_Cafe_Console.csproj", "{674CA971-8A0F-459E-B46E-B4C9D29CB2D8}"
EndProject
Project("{FAE04EC0-301F-11D3-BF4B-00C04F79EFBC}") = "Challenge1_Cafe_REPO", "Challenge1_Cafe_Repo\Challenge1_Cafe_REPO.csproj", "{C85F4D8A-990A-4C9E-9FE5-55C9EB552E5E}"
EndProject
Project("{FAE04EC0-301F-11D3-BF4B-00C04F79EFBC}") = "Challenge1_Cafe_POCO", "Challenge1_Cafe_POCOs\Challenge1_Cafe_POCO.csproj", "{F126C15F-F386-4E14-84CA-6F4A3942B76F}"
EndProject
Project("{FAE04EC0-301F-11D3-BF4B-00C04F79EFBC}") = "Challenge1_Repo_Unit_Test", "Challenge1_Repo_Unit_Test\Challenge1_Repo_Unit_Test.csproj", "{FC193907-29F8-4B7F-A894-33E1575AAA34}"
EndProject
Project("{FAE04EC0-301F-11D3-BF4B-00C04F79EFBC}") = "Challenge2_Claims_Console", "Challenge2_Claims_Console\Challenge2_Claims_Console.csproj", "{7AE4DD3F-2E6A-4229-934B-AEB33EF1B235}"
EndProject
Project("{FAE04EC0-301F-11D3-BF4B-00C04F79EFBC}") = "Challenge2_ClaimsPOCO", "Challenge2_ClaimsPOCO\Challenge2_ClaimsPOCO.csproj", "{57F5C15B-CB4B-44D0-B164-BEB8F78101A8}"
EndProject
Project("{FAE04EC0-301F-11D3-BF4B-00C04F79EFBC}") = "Challenge2_Claims_REPO", "Challenge2_Claims_REPO\Challenge2_Claims_REPO.csproj", "{435019B3-9024-46E8-BAC4-69EF65ADEA45}"
EndProject
Project("{FAE04EC0-301F-11D3-BF4B-00C04F79EFBC}") = "Challenge2_Claims_Unit_Tests", "Challenge2_Claims_Unit_Tests\Challenge2_Claims_Unit_Tests.csproj", "{E25FFD16-F420-41ED-BF3D-22A4478C34D2}"
EndProject
Project("{2150E333-8FDC-42A3-9474-1A3956D46DE8}") = "Challenge1_Cafe", "Challenge1_Cafe", "{984C324D-3E0A-401B-BC95-193BC2C92BEA}"
EndProject
Project("{2150E333-8FDC-42A3-9474-1A3956D46DE8}") = "Challenge2_Claims", "Challenge2_Claims", "{61046C56-DC26-4B6D-8344-761D95A92725}"
EndProject
Project("{2150E333-8FDC-42A3-9474-1A3956D46DE8}") = "Challenge3_Badge", "Challenge3_Badge", "{C431FFA5-70F9-4DFE-A0C7-98C120BC306E}"
EndProject
Project("{FAE04EC0-301F-11D3-BF4B-00C04F79EFBC}") = "Challenge3Badge_Console", "Challenge3Badge_Console\Challenge3Badge_Console.csproj", "{E7E1BD67-5FD1-47FE-B6A3-87EB06185C72}"
EndProject
Project("{FAE04EC0-301F-11D3-BF4B-00C04F79EFBC}") = "Challenge3_Badge_POCO", "Challenge3_Badge_POCO\Challenge3_Badge_POCO.csproj", "{01005296-FC3F-4226-93B6-4682BA7BD0D3}"
EndProject
Project("{FAE04EC0-301F-11D3-BF4B-00C04F79EFBC}") = "Challenge3_Badge_REPO", "Challenge3_Badge_REPO\Challenge3_Badge_REPO.csproj", "{EAD6D789-4A98-4052-B9B4-130D3F1CA83F}"
EndProject
Project("{FAE04EC0-301F-11D3-BF4B-00C04F79EFBC}") = "Challenge3_Badge_Testing", "Challenge3_Badge_Testing\Challenge3_Badge_Testing.csproj", "{725F0C5D-C141-4C39-B18E-B0E9E86AAD4F}"
EndProject
Global
	GlobalSection(SolutionConfigurationPlatforms) = preSolution
		Debug|Any CPU = Debug|Any CPU
		Release|Any CPU = Release|Any CPU
	EndGlobalSection
	GlobalSection(ProjectConfigurationPlatforms) = postSolution
		{674CA971-8A0F-459E-B46E-B4C9D29CB2D8}.Debug|Any CPU.ActiveCfg = Debug|Any CPU
		{674CA971-8A0F-459E-B46E-B4C9D29CB2D8}.Debug|Any CPU.Build.0 = Debug|Any CPU
		{674CA971-8A0F-459E-B46E-B4C9D29CB2D8}.Release|Any CPU.ActiveCfg = Release|Any CPU
		{674CA971-8A0F-459E-B46E-B4C9D29CB2D8}.Release|Any CPU.Build.0 = Release|Any CPU
		{C85F4D8A-990A-4C9E-9FE5-55C9EB552E5E}.Debug|Any CPU.ActiveCfg = Debug|Any CPU
		{C85F4D8A-990A-4C9E-9FE5-55C9EB552E5E}.Debug|Any CPU.Build.0 = Debug|Any CPU
		{C85F4D8A-990A-4C9E-9FE5-55C9EB552E5E}.Release|Any CPU.ActiveCfg = Release|Any CPU
		{C85F4D8A-990A-4C9E-9FE5-55C9EB552E5E}.Release|Any CPU.Build.0 = Release|Any CPU
		{F126C15F-F386-4E14-84CA-6F4A3942B76F}.Debug|Any CPU.ActiveCfg = Debug|Any CPU
		{F126C15F-F386-4E14-84CA-6F4A3942B76F}.Debug|Any CPU.Build.0 = Debug|Any CPU
		{F126C15F-F386-4E14-84CA-6F4A3942B76F}.Release|Any CPU.ActiveCfg = Release|Any CPU
		{F126C15F-F386-4E14-84CA-6F4A3942B76F}.Release|Any CPU.Build.0 = Release|Any CPU
		{FC193907-29F8-4B7F-A894-33E1575AAA34}.Debug|Any CPU.ActiveCfg = Debug|Any CPU
		{FC193907-29F8-4B7F-A894-33E1575AAA34}.Debug|Any CPU.Build.0 = Debug|Any CPU
		{FC193907-29F8-4B7F-A894-33E1575AAA34}.Release|Any CPU.ActiveCfg = Release|Any CPU
		{FC193907-29F8-4B7F-A894-33E1575AAA34}.Release|Any CPU.Build.0 = Release|Any CPU
		{7AE4DD3F-2E6A-4229-934B-AEB33EF1B235}.Debug|Any CPU.ActiveCfg = Debug|Any CPU
		{7AE4DD3F-2E6A-4229-934B-AEB33EF1B235}.Debug|Any CPU.Build.0 = Debug|Any CPU
		{7AE4DD3F-2E6A-4229-934B-AEB33EF1B235}.Release|Any CPU.ActiveCfg = Release|Any CPU
		{7AE4DD3F-2E6A-4229-934B-AEB33EF1B235}.Release|Any CPU.Build.0 = Release|Any CPU
		{57F5C15B-CB4B-44D0-B164-BEB8F78101A8}.Debug|Any CPU.ActiveCfg = Debug|Any CPU
		{57F5C15B-CB4B-44D0-B164-BEB8F78101A8}.Debug|Any CPU.Build.0 = Debug|Any CPU
		{57F5C15B-CB4B-44D0-B164-BEB8F78101A8}.Release|Any CPU.ActiveCfg = Release|Any CPU
		{57F5C15B-CB4B-44D0-B164-BEB8F78101A8}.Release|Any CPU.Build.0 = Release|Any CPU
		{435019B3-9024-46E8-BAC4-69EF65ADEA45}.Debug|Any CPU.ActiveCfg = Debug|Any CPU
		{435019B3-9024-46E8-BAC4-69EF65ADEA45}.Debug|Any CPU.Build.0 = Debug|Any CPU
		{435019B3-9024-46E8-BAC4-69EF65ADEA45}.Release|Any CPU.ActiveCfg = Release|Any CPU
		{435019B3-9024-46E8-BAC4-69EF65ADEA45}.Release|Any CPU.Build.0 = Release|Any CPU
		{E25FFD16-F420-41ED-BF3D-22A4478C34D2}.Debug|Any CPU.ActiveCfg = Debug|Any CPU
		{E25FFD16-F420-41ED-BF3D-22A4478C34D2}.Debug|Any CPU.Build.0 = Debug|Any CPU
		{E25FFD16-F420-41ED-BF3D-22A4478C34D2}.Release|Any CPU.ActiveCfg = Release|Any CPU
		{E25FFD16-F420-41ED-BF3D-22A4478C34D2}.Release|Any CPU.Build.0 = Release|Any CPU
		{E7E1BD67-5FD1-47FE-B6A3-87EB06185C72}.Debug|Any CPU.ActiveCfg = Debug|Any CPU
		{E7E1BD67-5FD1-47FE-B6A3-87EB06185C72}.Debug|Any CPU.Build.0 = Debug|Any CPU
		{E7E1BD67-5FD1-47FE-B6A3-87EB06185C72}.Release|Any CPU.ActiveCfg = Release|Any CPU
		{E7E1BD67-5FD1-47FE-B6A3-87EB06185C72}.Release|Any CPU.Build.0 = Release|Any CPU
		{01005296-FC3F-4226-93B6-4682BA7BD0D3}.Debug|Any CPU.ActiveCfg = Debug|Any CPU
		{01005296-FC3F-4226-93B6-4682BA7BD0D3}.Debug|Any CPU.Build.0 = Debug|Any CPU
		{01005296-FC3F-4226-93B6-4682BA7BD0D3}.Release|Any CPU.ActiveCfg = Release|Any CPU
		{01005296-FC3F-4226-93B6-4682BA7BD0D3}.Release|Any CPU.Build.0 = Release|Any CPU
		{EAD6D789-4A98-4052-B9B4-130D3F1CA83F}.Debug|Any CPU.ActiveCfg = Debug|Any CPU
		{EAD6D789-4A98-4052-B9B4-130D3F1CA83F}.Debug|Any CPU.Build.0 = Debug|Any CPU
		{EAD6D789-4A98-4052-B9B4-130D3F1CA83F}.Release|Any CPU.ActiveCfg = Release|Any CPU
		{EAD6D789-4A98-4052-B9B4-130D3F1CA83F}.Release|Any CPU.Build.0 = Release|Any CPU
		{725F0C5D-C141-4C39-B18E-B0E9E86AAD4F}.Debug|Any CPU.ActiveCfg = Debug|Any CPU
		{725F0C5D-C141-4C39-B18E-B0E9E86AAD4F}.Debug|Any CPU.Build.0 = Debug|Any CPU
		{725F0C5D-C141-4C39-B18E-B0E9E86AAD4F}.Release|Any CPU.ActiveCfg = Release|Any CPU
		{725F0C5D-C141-4C39-B18E-B0E9E86AAD4F}.Release|Any CPU.Build.0 = Release|Any CPU
	EndGlobalSection
	GlobalSection(SolutionProperties) = preSolution
		HideSolutionNode = FALSE
	EndGlobalSection
	GlobalSection(NestedProjects) = preSolution
		{674CA971-8A0F-459E-B46E-B4C9D29CB2D8} = {984C324D-3E0A-401B-BC95-193BC2C92BEA}
		{C85F4D8A-990A-4C9E-9FE5-55C9EB552E5E} = {984C324D-3E0A-401B-BC95-193BC2C92BEA}
		{F126C15F-F386-4E14-84CA-6F4A3942B76F} = {984C324D-3E0A-401B-BC95-193BC2C92BEA}
		{FC193907-29F8-4B7F-A894-33E1575AAA34} = {984C324D-3E0A-401B-BC95-193BC2C92BEA}
		{7AE4DD3F-2E6A-4229-934B-AEB33EF1B235} = {61046C56-DC26-4B6D-8344-761D95A92725}
		{57F5C15B-CB4B-44D0-B164-BEB8F78101A8} = {61046C56-DC26-4B6D-8344-761D95A92725}
		{435019B3-9024-46E8-BAC4-69EF65ADEA45} = {61046C56-DC26-4B6D-8344-761D95A92725}
		{E25FFD16-F420-41ED-BF3D-22A4478C34D2} = {61046C56-DC26-4B6D-8344-761D95A92725}
		{E7E1BD67-5FD1-47FE-B6A3-87EB06185C72} = {C431FFA5-70F9-4DFE-A0C7-98C120BC306E}
		{01005296-FC3F-4226-93B6-4682BA7BD0D3} = {C431FFA5-70F9-4DFE-A0C7-98C120BC306E}
		{EAD6D789-4A98-4052-B9B4-130D3F1CA83F} = {C431FFA5-70F9-4DFE-A0C7-98C120BC306E}
		{725F0C5D-C141-4C39-B18E-B0E9E86AAD4F} = {C431FFA5-70F9-4DFE-A0C7-98C120BC306E}
	EndGlobalSection
	GlobalSection(ExtensibilityGlobals) = postSolution
		SolutionGuid = {A2826DEC-1DE1-4765-AFEA-A9B8181A25E5}
	EndGlobalSection
EndGlobal
